
Microsoft Visual Studio Solution File, Format Version 12.00
# Visual Studio Version 16
VisualStudioVersion = 16.0.30413.136
MinimumVisualStudioVersion = 10.0.40219.1
Project("{FAE04EC0-301F-11D3-BF4B-00C04F79EFBC}") = "bai 2", "bai 2\bai 2.csproj", "{6A284B8A-03AB-4CEB-A3B3-0CB98288178F}"
EndProject
Global
	GlobalSection(SolutionConfigurationPlatforms) = preSolution
		Debug|Any CPU = Debug|Any CPU
		Release|Any CPU = Release|Any CPU
	EndGlobalSection
	GlobalSection(ProjectConfigurationPlatforms) = postSolution
		{6A284B8A-03AB-4CEB-A3B3-0CB98288178F}.Debug|Any CPU.ActiveCfg = Debug|Any CPU
		{6A284B8A-03AB-4CEB-A3B3-0CB98288178F}.Debug|Any CPU.Build.0 = Debug|Any CPU
		{6A284B8A-03AB-4CEB-A3B3-0CB98288178F}.Release|Any CPU.ActiveCfg = Release|Any CPU
		{6A284B8A-03AB-4CEB-A3B3-0CB98288178F}.Release|Any CPU.Build.0 = Release|Any CPU
	EndGlobalSection
	GlobalSection(SolutionProperties) = preSolution
		HideSolutionNode = FALSE
	EndGlobalSection
	GlobalSection(ExtensibilityGlobals) = postSolution
		SolutionGuid = {46AE753B-C30C-4E3F-84F3-435BC5155112}
	EndGlobalSection
EndGlobal
