
Microsoft Visual Studio Solution File, Format Version 12.00
# Visual Studio Version 16
VisualStudioVersion = 16.0.30413.136
MinimumVisualStudioVersion = 10.0.40219.1
Project("{FAE04EC0-301F-11D3-BF4B-00C04F79EFBC}") = "bai 1.1", "bai 1.1\bai 1.1.csproj", "{7EA39D9E-CA34-4122-8249-C1429C30128A}"
EndProject
Global
	GlobalSection(SolutionConfigurationPlatforms) = preSolution
		Debug|Any CPU = Debug|Any CPU
		Release|Any CPU = Release|Any CPU
	EndGlobalSection
	GlobalSection(ProjectConfigurationPlatforms) = postSolution
		{7EA39D9E-CA34-4122-8249-C1429C30128A}.Debug|Any CPU.ActiveCfg = Debug|Any CPU
		{7EA39D9E-CA34-4122-8249-C1429C30128A}.Debug|Any CPU.Build.0 = Debug|Any CPU
		{7EA39D9E-CA34-4122-8249-C1429C30128A}.Release|Any CPU.ActiveCfg = Release|Any CPU
		{7EA39D9E-CA34-4122-8249-C1429C30128A}.Release|Any CPU.Build.0 = Release|Any CPU
	EndGlobalSection
	GlobalSection(SolutionProperties) = preSolution
		HideSolutionNode = FALSE
	EndGlobalSection
	GlobalSection(ExtensibilityGlobals) = postSolution
		SolutionGuid = {ECA6CFC6-948F-474A-B783-703BA89ED174}
	EndGlobalSection
EndGlobal
