
Microsoft Visual Studio Solution File, Format Version 12.00
# Visual Studio Version 16
VisualStudioVersion = 16.0.30413.136
MinimumVisualStudioVersion = 10.0.40219.1
Project("{FAE04EC0-301F-11D3-BF4B-00C04F79EFBC}") = "bai 1", "bai 1\bai 1.csproj", "{756FAC55-B0B9-4E3C-92BC-BB0D31C4CF8A}"
EndProject
Global
	GlobalSection(SolutionConfigurationPlatforms) = preSolution
		Debug|Any CPU = Debug|Any CPU
		Release|Any CPU = Release|Any CPU
	EndGlobalSection
	GlobalSection(ProjectConfigurationPlatforms) = postSolution
		{756FAC55-B0B9-4E3C-92BC-BB0D31C4CF8A}.Debug|Any CPU.ActiveCfg = Debug|Any CPU
		{756FAC55-B0B9-4E3C-92BC-BB0D31C4CF8A}.Debug|Any CPU.Build.0 = Debug|Any CPU
		{756FAC55-B0B9-4E3C-92BC-BB0D31C4CF8A}.Release|Any CPU.ActiveCfg = Release|Any CPU
		{756FAC55-B0B9-4E3C-92BC-BB0D31C4CF8A}.Release|Any CPU.Build.0 = Release|Any CPU
	EndGlobalSection
	GlobalSection(SolutionProperties) = preSolution
		HideSolutionNode = FALSE
	EndGlobalSection
	GlobalSection(ExtensibilityGlobals) = postSolution
		SolutionGuid = {9F812B4A-B994-4992-AD13-1199EF6C0D25}
	EndGlobalSection
EndGlobal
